
Microsoft Visual Studio Solution File, Format Version 12.00
# Visual Studio 15
VisualStudioVersion = 15.0.28307.106
MinimumVisualStudioVersion = 10.0.40219.1
Project("{FAE04EC0-301F-11D3-BF4B-00C04F79EFBC}") = "OnlineClients", "OnlineClients\OnlineClients.csproj", "{78620DE5-96E5-4A73-9290-8A4F462CBF88}"
EndProject
Global
	GlobalSection(SolutionConfigurationPlatforms) = preSolution
		Debug|Any CPU = Debug|Any CPU
		Release|Any CPU = Release|Any CPU
	EndGlobalSection
	GlobalSection(ProjectConfigurationPlatforms) = postSolution
		{78620DE5-96E5-4A73-9290-8A4F462CBF88}.Debug|Any CPU.ActiveCfg = Debug|Any CPU
		{78620DE5-96E5-4A73-9290-8A4F462CBF88}.Debug|Any CPU.Build.0 = Debug|Any CPU
		{78620DE5-96E5-4A73-9290-8A4F462CBF88}.Release|Any CPU.ActiveCfg = Release|Any CPU
		{78620DE5-96E5-4A73-9290-8A4F462CBF88}.Release|Any CPU.Build.0 = Release|Any CPU
	EndGlobalSection
	GlobalSection(SolutionProperties) = preSolution
		HideSolutionNode = FALSE
	EndGlobalSection
	GlobalSection(ExtensibilityGlobals) = postSolution
		SolutionGuid = {7312E73F-7DDC-4A9E-96BD-B3B2DEDA81B2}
	EndGlobalSection
EndGlobal
